
Microsoft Visual Studio Solution File, Format Version 12.00
# Visual Studio Version 17
VisualStudioVersion = 17.8.34408.163
MinimumVisualStudioVersion = 10.0.40219.1
Project("{8BC9CEB8-8B4A-11D0-8D11-00A0C91BC942}") = "algorithm", "algorithm\algorithm.vcxproj", "{AC3CB141-4161-489E-8254-8DCF6CE5461E}"
EndProject
Global
	GlobalSection(SolutionConfigurationPlatforms) = preSolution
		Debug|x64 = Debug|x64
		Debug|x86 = Debug|x86
		Release|x64 = Release|x64
		Release|x86 = Release|x86
	EndGlobalSection
	GlobalSection(ProjectConfigurationPlatforms) = postSolution
		{AC3CB141-4161-489E-8254-8DCF6CE5461E}.Debug|x64.ActiveCfg = Debug|x64
		{AC3CB141-4161-489E-8254-8DCF6CE5461E}.Debug|x64.Build.0 = Debug|x64
		{AC3CB141-4161-489E-8254-8DCF6CE5461E}.Debug|x86.ActiveCfg = Debug|Win32
		{AC3CB141-4161-489E-8254-8DCF6CE5461E}.Debug|x86.Build.0 = Debug|Win32
		{AC3CB141-4161-489E-8254-8DCF6CE5461E}.Release|x64.ActiveCfg = Release|x64
		{AC3CB141-4161-489E-8254-8DCF6CE5461E}.Release|x64.Build.0 = Release|x64
		{AC3CB141-4161-489E-8254-8DCF6CE5461E}.Release|x86.ActiveCfg = Release|Win32
		{AC3CB141-4161-489E-8254-8DCF6CE5461E}.Release|x86.Build.0 = Release|Win32
	EndGlobalSection
	GlobalSection(SolutionProperties) = preSolution
		HideSolutionNode = FALSE
	EndGlobalSection
	GlobalSection(ExtensibilityGlobals) = postSolution
		SolutionGuid = {6E9CA27B-BE1C-4B7D-A1AF-B7EFBECFC6E6}
	EndGlobalSection
EndGlobal
